
Microsoft Visual Studio Solution File, Format Version 12.00
# Visual Studio Version 17
VisualStudioVersion = 17.7.34018.315
MinimumVisualStudioVersion = 10.0.40219.1
Project("{FAE04EC0-301F-11D3-BF4B-00C04F79EFBC}") = "Diplom.Gamification.Web", "Diplom.Gamification.Web\Diplom.Gamification.Web.csproj", "{6E5997BE-CBE9-460F-A482-AAA1A1FCF1D0}"
EndProject
Project("{FAE04EC0-301F-11D3-BF4B-00C04F79EFBC}") = "Diplom.Gamification.Persistence", "Diplom.Gamification.Persistence\Diplom.Gamification.Persistence.csproj", "{80B3BCB0-1A68-4C84-8E6D-5E9385A7BDD8}"
EndProject
Project("{FAE04EC0-301F-11D3-BF4B-00C04F79EFBC}") = "Diplom.Gamification.Infrastructure", "Diplom.Gamification.Infrastructure\Diplom.Gamification.Infrastructure.csproj", "{42F3A234-0C19-4619-8E25-7B5F8791C998}"
EndProject
Project("{FAE04EC0-301F-11D3-BF4B-00C04F79EFBC}") = "Diplom.Gamification.Domain", "Diplom.Gamification.Domain\Diplom.Gamification.Domain.csproj", "{98AE91DC-7263-472D-BD35-0BBEEB61FD0F}"
EndProject
Project("{FAE04EC0-301F-11D3-BF4B-00C04F79EFBC}") = "Diplom.Gamification.Application", "Diplom.Gamification.Application\Diplom.Gamification.Application.csproj", "{BF2B4AA7-B9B3-4407-B927-64B9C96583C3}"
EndProject
Global
	GlobalSection(SolutionConfigurationPlatforms) = preSolution
		Debug|Any CPU = Debug|Any CPU
		Release|Any CPU = Release|Any CPU
	EndGlobalSection
	GlobalSection(ProjectConfigurationPlatforms) = postSolution
		{6E5997BE-CBE9-460F-A482-AAA1A1FCF1D0}.Debug|Any CPU.ActiveCfg = Debug|Any CPU
		{6E5997BE-CBE9-460F-A482-AAA1A1FCF1D0}.Debug|Any CPU.Build.0 = Debug|Any CPU
		{6E5997BE-CBE9-460F-A482-AAA1A1FCF1D0}.Release|Any CPU.ActiveCfg = Release|Any CPU
		{6E5997BE-CBE9-460F-A482-AAA1A1FCF1D0}.Release|Any CPU.Build.0 = Release|Any CPU
		{80B3BCB0-1A68-4C84-8E6D-5E9385A7BDD8}.Debug|Any CPU.ActiveCfg = Debug|Any CPU
		{80B3BCB0-1A68-4C84-8E6D-5E9385A7BDD8}.Debug|Any CPU.Build.0 = Debug|Any CPU
		{80B3BCB0-1A68-4C84-8E6D-5E9385A7BDD8}.Release|Any CPU.ActiveCfg = Release|Any CPU
		{80B3BCB0-1A68-4C84-8E6D-5E9385A7BDD8}.Release|Any CPU.Build.0 = Release|Any CPU
		{42F3A234-0C19-4619-8E25-7B5F8791C998}.Debug|Any CPU.ActiveCfg = Debug|Any CPU
		{42F3A234-0C19-4619-8E25-7B5F8791C998}.Debug|Any CPU.Build.0 = Debug|Any CPU
		{42F3A234-0C19-4619-8E25-7B5F8791C998}.Release|Any CPU.ActiveCfg = Release|Any CPU
		{42F3A234-0C19-4619-8E25-7B5F8791C998}.Release|Any CPU.Build.0 = Release|Any CPU
		{98AE91DC-7263-472D-BD35-0BBEEB61FD0F}.Debug|Any CPU.ActiveCfg = Debug|Any CPU
		{98AE91DC-7263-472D-BD35-0BBEEB61FD0F}.Debug|Any CPU.Build.0 = Debug|Any CPU
		{98AE91DC-7263-472D-BD35-0BBEEB61FD0F}.Release|Any CPU.ActiveCfg = Release|Any CPU
		{98AE91DC-7263-472D-BD35-0BBEEB61FD0F}.Release|Any CPU.Build.0 = Release|Any CPU
		{BF2B4AA7-B9B3-4407-B927-64B9C96583C3}.Debug|Any CPU.ActiveCfg = Debug|Any CPU
		{BF2B4AA7-B9B3-4407-B927-64B9C96583C3}.Debug|Any CPU.Build.0 = Debug|Any CPU
		{BF2B4AA7-B9B3-4407-B927-64B9C96583C3}.Release|Any CPU.ActiveCfg = Release|Any CPU
		{BF2B4AA7-B9B3-4407-B927-64B9C96583C3}.Release|Any CPU.Build.0 = Release|Any CPU
	EndGlobalSection
	GlobalSection(SolutionProperties) = preSolution
		HideSolutionNode = FALSE
	EndGlobalSection
	GlobalSection(ExtensibilityGlobals) = postSolution
		SolutionGuid = {26CFAD98-D426-4ACE-8659-7B673A946037}
	EndGlobalSection
EndGlobal
